
Microsoft Visual Studio Solution File, Format Version 9.00
# Visual Studio 2005
Project("{8BC9CEB8-8B4A-11D0-8D11-00A0C91BC942}") = "asn1  Library", "asn1.vcproj", "{4F923E4E-9EBE-4D05-B295-117E0684D7A6}"
EndProject
Project("{8BC9CEB8-8B4A-11D0-8D11-00A0C91BC942}") = "foundry  Utility App", "foundry.vcproj", "{17A0C8A2-CE57-4AB1-9BB3-11211E8AA010}"
	ProjectSection(ProjectDependencies) = postProject
		{E45D6DDD-B022-4B12-8244-CCAFCAFD7C36} = {E45D6DDD-B022-4B12-8244-CCAFCAFD7C36}
		{0E53C9C1-A51B-4C06-91B8-68E76C72D94D} = {0E53C9C1-A51B-4C06-91B8-68E76C72D94D}
		{CE683DB3-27B3-4D8F-9C05-9C0E4F1BE574} = {CE683DB3-27B3-4D8F-9C05-9C0E4F1BE574}
		{4F923E4E-9EBE-4D05-B295-117E0684D7A6} = {4F923E4E-9EBE-4D05-B295-117E0684D7A6}
		{F89DCD42-BE04-46DF-A576-C2C6519658C9} = {F89DCD42-BE04-46DF-A576-C2C6519658C9}
		{2FBEF721-9062-4D85-BBCA-596274BB4B7D} = {2FBEF721-9062-4D85-BBCA-596274BB4B7D}
	EndProjectSection
EndProject
Project("{8BC9CEB8-8B4A-11D0-8D11-00A0C91BC942}") = "iecgoose  Test App", "iecgoose.vcproj", "{E4B7FDFA-F393-4629-8744-A916146E274F}"
	ProjectSection(ProjectDependencies) = postProject
		{1697E6E9-0D8F-40E4-8B68-4B67880EA03E} = {1697E6E9-0D8F-40E4-8B68-4B67880EA03E}
		{E45D6DDD-B022-4B12-8244-CCAFCAFD7C36} = {E45D6DDD-B022-4B12-8244-CCAFCAFD7C36}
		{0E53C9C1-A51B-4C06-91B8-68E76C72D94D} = {0E53C9C1-A51B-4C06-91B8-68E76C72D94D}
		{CE683DB3-27B3-4D8F-9C05-9C0E4F1BE574} = {CE683DB3-27B3-4D8F-9C05-9C0E4F1BE574}
		{96331292-6075-4864-ACF5-9076B434B0A1} = {96331292-6075-4864-ACF5-9076B434B0A1}
		{4F923E4E-9EBE-4D05-B295-117E0684D7A6} = {4F923E4E-9EBE-4D05-B295-117E0684D7A6}
		{F89DCD42-BE04-46DF-A576-C2C6519658C9} = {F89DCD42-BE04-46DF-A576-C2C6519658C9}
		{2FBEF721-9062-4D85-BBCA-596274BB4B7D} = {2FBEF721-9062-4D85-BBCA-596274BB4B7D}
		{E9595B17-5C2C-4FF5-A2D6-B269B4250686} = {E9595B17-5C2C-4FF5-A2D6-B269B4250686}
	EndProjectSection
EndProject
Project("{8BC9CEB8-8B4A-11D0-8D11-00A0C91BC942}") = "mem  Library", "mem.vcproj", "{CE683DB3-27B3-4D8F-9C05-9C0E4F1BE574}"
EndProject
Project("{8BC9CEB8-8B4A-11D0-8D11-00A0C91BC942}") = "meml  Library", "meml.vcproj", "{71BDF265-DB78-4C90-A8D2-A563B82205C3}"
EndProject
Project("{8BC9CEB8-8B4A-11D0-8D11-00A0C91BC942}") = "mlog  Library", "mlog.vcproj", "{E9595B17-5C2C-4FF5-A2D6-B269B4250686}"
EndProject
Project("{8BC9CEB8-8B4A-11D0-8D11-00A0C91BC942}") = "mmsl  Library", "mmsl.vcproj", "{2FBEF721-9062-4D85-BBCA-596274BB4B7D}"
EndProject
Project("{8BC9CEB8-8B4A-11D0-8D11-00A0C91BC942}") = "mmsle  Library", "mmsle.vcproj", "{0E53C9C1-A51B-4C06-91B8-68E76C72D94D}"
EndProject
Project("{8BC9CEB8-8B4A-11D0-8D11-00A0C91BC942}") = "mmslog  Logfile Parse Utility App", "mmslog.vcproj", "{D4D20E14-5E6E-43B7-A714-92C04A7254B2}"
	ProjectSection(ProjectDependencies) = postProject
		{E45D6DDD-B022-4B12-8244-CCAFCAFD7C36} = {E45D6DDD-B022-4B12-8244-CCAFCAFD7C36}
		{0E53C9C1-A51B-4C06-91B8-68E76C72D94D} = {0E53C9C1-A51B-4C06-91B8-68E76C72D94D}
		{CE683DB3-27B3-4D8F-9C05-9C0E4F1BE574} = {CE683DB3-27B3-4D8F-9C05-9C0E4F1BE574}
		{4F923E4E-9EBE-4D05-B295-117E0684D7A6} = {4F923E4E-9EBE-4D05-B295-117E0684D7A6}
		{F89DCD42-BE04-46DF-A576-C2C6519658C9} = {F89DCD42-BE04-46DF-A576-C2C6519658C9}
		{2FBEF721-9062-4D85-BBCA-596274BB4B7D} = {2FBEF721-9062-4D85-BBCA-596274BB4B7D}
		{E9595B17-5C2C-4FF5-A2D6-B269B4250686} = {E9595B17-5C2C-4FF5-A2D6-B269B4250686}
	EndProjectSection
EndProject
Project("{8BC9CEB8-8B4A-11D0-8D11-00A0C91BC942}") = "mvl  Library", "mvl.vcproj", "{F553DA12-7520-4CE2-9F9B-300C7AB0E059}"
EndProject
Project("{8BC9CEB8-8B4A-11D0-8D11-00A0C91BC942}") = "mvlu  Library", "mvlu.vcproj", "{96331292-6075-4864-ACF5-9076B434B0A1}"
EndProject
Project("{8BC9CEB8-8B4A-11D0-8D11-00A0C91BC942}") = "ositcpe  Library", "ositcpe.vcproj", "{9BB7AAAA-B4A4-40C3-87A4-1613313387A4}"
EndProject
Project("{8BC9CEB8-8B4A-11D0-8D11-00A0C91BC942}") = "ositcps  Library", "ositcps.vcproj", "{FBC1DE4C-B4F5-4F6F-86A7-6B582532E3D7}"
EndProject
Project("{8BC9CEB8-8B4A-11D0-8D11-00A0C91BC942}") = "ositp4e  Library", "ositp4e.vcproj", "{1697E6E9-0D8F-40E4-8B68-4B67880EA03E}"
EndProject
Project("{8BC9CEB8-8B4A-11D0-8D11-00A0C91BC942}") = "ositpxe  Library", "ositpxe.vcproj", "{D699C28D-7EFE-43A7-8C05-7E91037D6963}"
EndProject
Project("{8BC9CEB8-8B4A-11D0-8D11-00A0C91BC942}") = "ositpxs  Library", "ositpxs.vcproj", "{7D594E3C-ECC2-4262-8C73-D87EA81ECEAD}"
EndProject
Project("{8BC9CEB8-8B4A-11D0-8D11-00A0C91BC942}") = "scl_srvr  SCL Server App", "scl_srvr.vcproj", "{B0053577-BB9A-4263-B132-59CE6DC72A8A}"
	ProjectSection(ProjectDependencies) = postProject
		{E45D6DDD-B022-4B12-8244-CCAFCAFD7C36} = {E45D6DDD-B022-4B12-8244-CCAFCAFD7C36}
		{0E53C9C1-A51B-4C06-91B8-68E76C72D94D} = {0E53C9C1-A51B-4C06-91B8-68E76C72D94D}
		{CE683DB3-27B3-4D8F-9C05-9C0E4F1BE574} = {CE683DB3-27B3-4D8F-9C05-9C0E4F1BE574}
		{96331292-6075-4864-ACF5-9076B434B0A1} = {96331292-6075-4864-ACF5-9076B434B0A1}
		{9D8DCA88-F57F-4783-B102-CA109677BE20} = {9D8DCA88-F57F-4783-B102-CA109677BE20}
		{4F923E4E-9EBE-4D05-B295-117E0684D7A6} = {4F923E4E-9EBE-4D05-B295-117E0684D7A6}
		{FBC1DE4C-B4F5-4F6F-86A7-6B582532E3D7} = {FBC1DE4C-B4F5-4F6F-86A7-6B582532E3D7}
		{F89DCD42-BE04-46DF-A576-C2C6519658C9} = {F89DCD42-BE04-46DF-A576-C2C6519658C9}
		{2FBEF721-9062-4D85-BBCA-596274BB4B7D} = {2FBEF721-9062-4D85-BBCA-596274BB4B7D}
	EndProjectSection
EndProject
Project("{8BC9CEB8-8B4A-11D0-8D11-00A0C91BC942}") = "slog  Library", "slog.vcproj", "{F89DCD42-BE04-46DF-A576-C2C6519658C9}"
EndProject
Project("{8BC9CEB8-8B4A-11D0-8D11-00A0C91BC942}") = "slogl  Library", "slogl.vcproj", "{625D7B76-017F-4D73-A337-CFDCE0A5F1D8}"
EndProject
Project("{8BC9CEB8-8B4A-11D0-8D11-00A0C91BC942}") = "smem  Library", "smem.vcproj", "{110BAD92-D163-4525-9839-86AA1A07D62D}"
EndProject
Project("{8BC9CEB8-8B4A-11D0-8D11-00A0C91BC942}") = "ssec0  Library", "ssec0.vcproj", "{9D8DCA88-F57F-4783-B102-CA109677BE20}"
EndProject
Project("{8BC9CEB8-8B4A-11D0-8D11-00A0C91BC942}") = "util  Library", "util.vcproj", "{E45D6DDD-B022-4B12-8244-CCAFCAFD7C36}"
EndProject
Project("{8BC9CEB8-8B4A-11D0-8D11-00A0C91BC942}") = "smpval  Library", "smpval.vcproj", "{6C01047F-7574-4157-BC71-D47595FFED6C}"
EndProject
Project("{2150E333-8FDC-42A3-9474-1A3956D46DE8}") = "Libraries", "Libraries", "{26EB5097-0AE5-43B1-844F-85A27D3E7922}"
EndProject
Project("{2150E333-8FDC-42A3-9474-1A3956D46DE8}") = "Samples", "Samples", "{48F51880-8125-48C5-9903-2F23AFF21866}"
EndProject
Project("{2150E333-8FDC-42A3-9474-1A3956D46DE8}") = "Utilities", "Utilities", "{8DD21DCA-B3C6-4FAF-B0F7-E9D1DFCF69BB}"
EndProject
Project("{2150E333-8FDC-42A3-9474-1A3956D46DE8}") = "IEC61850 Samples", "IEC61850 Samples", "{58269890-DE44-4FD5-8DFC-D106B1E031B9}"
EndProject
Project("{2150E333-8FDC-42A3-9474-1A3956D46DE8}") = "General MMS Samples", "General MMS Samples", "{E2EDC58F-A703-4F3D-A59D-53ACA53AF5AF}"
EndProject
Project("{8BC9CEB8-8B4A-11D0-8D11-00A0C91BC942}") = "cositcps0  Client App (NUL Security)", "cositcps0.vcproj", "{4D1F7E73-DEC2-4E76-90BC-E5648DCFB037}"
	ProjectSection(ProjectDependencies) = postProject
		{E45D6DDD-B022-4B12-8244-CCAFCAFD7C36} = {E45D6DDD-B022-4B12-8244-CCAFCAFD7C36}
		{0E53C9C1-A51B-4C06-91B8-68E76C72D94D} = {0E53C9C1-A51B-4C06-91B8-68E76C72D94D}
		{CE683DB3-27B3-4D8F-9C05-9C0E4F1BE574} = {CE683DB3-27B3-4D8F-9C05-9C0E4F1BE574}
		{96331292-6075-4864-ACF5-9076B434B0A1} = {96331292-6075-4864-ACF5-9076B434B0A1}
		{9D8DCA88-F57F-4783-B102-CA109677BE20} = {9D8DCA88-F57F-4783-B102-CA109677BE20}
		{4F923E4E-9EBE-4D05-B295-117E0684D7A6} = {4F923E4E-9EBE-4D05-B295-117E0684D7A6}
		{FBC1DE4C-B4F5-4F6F-86A7-6B582532E3D7} = {FBC1DE4C-B4F5-4F6F-86A7-6B582532E3D7}
		{F89DCD42-BE04-46DF-A576-C2C6519658C9} = {F89DCD42-BE04-46DF-A576-C2C6519658C9}
		{2FBEF721-9062-4D85-BBCA-596274BB4B7D} = {2FBEF721-9062-4D85-BBCA-596274BB4B7D}
		{E9595B17-5C2C-4FF5-A2D6-B269B4250686} = {E9595B17-5C2C-4FF5-A2D6-B269B4250686}
	EndProjectSection
EndProject
Project("{8BC9CEB8-8B4A-11D0-8D11-00A0C91BC942}") = "cositpxs0  Client App (NUL Security)", "cositpxs0.vcproj", "{3658B3A5-88EF-48E9-8470-83172314A7B5}"
	ProjectSection(ProjectDependencies) = postProject
		{E9595B17-5C2C-4FF5-A2D6-B269B4250686} = {E9595B17-5C2C-4FF5-A2D6-B269B4250686}
		{6C01047F-7574-4157-BC71-D47595FFED6C} = {6C01047F-7574-4157-BC71-D47595FFED6C}
		{E45D6DDD-B022-4B12-8244-CCAFCAFD7C36} = {E45D6DDD-B022-4B12-8244-CCAFCAFD7C36}
		{0E53C9C1-A51B-4C06-91B8-68E76C72D94D} = {0E53C9C1-A51B-4C06-91B8-68E76C72D94D}
		{CE683DB3-27B3-4D8F-9C05-9C0E4F1BE574} = {CE683DB3-27B3-4D8F-9C05-9C0E4F1BE574}
		{96331292-6075-4864-ACF5-9076B434B0A1} = {96331292-6075-4864-ACF5-9076B434B0A1}
		{9D8DCA88-F57F-4783-B102-CA109677BE20} = {9D8DCA88-F57F-4783-B102-CA109677BE20}
		{4F923E4E-9EBE-4D05-B295-117E0684D7A6} = {4F923E4E-9EBE-4D05-B295-117E0684D7A6}
		{F89DCD42-BE04-46DF-A576-C2C6519658C9} = {F89DCD42-BE04-46DF-A576-C2C6519658C9}
		{7D594E3C-ECC2-4262-8C73-D87EA81ECEAD} = {7D594E3C-ECC2-4262-8C73-D87EA81ECEAD}
		{2FBEF721-9062-4D85-BBCA-596274BB4B7D} = {2FBEF721-9062-4D85-BBCA-596274BB4B7D}
	EndProjectSection
EndProject
Project("{8BC9CEB8-8B4A-11D0-8D11-00A0C91BC942}") = "scl_tpxs0  SCL Server App", "scl_tpxs0.vcproj", "{F3A4A8C1-CDFF-4DBF-98BE-C738954E68CD}"
	ProjectSection(ProjectDependencies) = postProject
		{E45D6DDD-B022-4B12-8244-CCAFCAFD7C36} = {E45D6DDD-B022-4B12-8244-CCAFCAFD7C36}
		{0E53C9C1-A51B-4C06-91B8-68E76C72D94D} = {0E53C9C1-A51B-4C06-91B8-68E76C72D94D}
		{CE683DB3-27B3-4D8F-9C05-9C0E4F1BE574} = {CE683DB3-27B3-4D8F-9C05-9C0E4F1BE574}
		{96331292-6075-4864-ACF5-9076B434B0A1} = {96331292-6075-4864-ACF5-9076B434B0A1}
		{9D8DCA88-F57F-4783-B102-CA109677BE20} = {9D8DCA88-F57F-4783-B102-CA109677BE20}
		{6C01047F-7574-4157-BC71-D47595FFED6C} = {6C01047F-7574-4157-BC71-D47595FFED6C}
		{4F923E4E-9EBE-4D05-B295-117E0684D7A6} = {4F923E4E-9EBE-4D05-B295-117E0684D7A6}
		{F89DCD42-BE04-46DF-A576-C2C6519658C9} = {F89DCD42-BE04-46DF-A576-C2C6519658C9}
		{7D594E3C-ECC2-4262-8C73-D87EA81ECEAD} = {7D594E3C-ECC2-4262-8C73-D87EA81ECEAD}
		{2FBEF721-9062-4D85-BBCA-596274BB4B7D} = {2FBEF721-9062-4D85-BBCA-596274BB4B7D}
	EndProjectSection
EndProject
Project("{8BC9CEB8-8B4A-11D0-8D11-00A0C91BC942}") = "sositcps0   Server App (NUL Security)", "sositcps0.vcproj", "{EC758CAE-3FF0-4D0B-8FB5-8FB1E0642B5F}"
	ProjectSection(ProjectDependencies) = postProject
		{E45D6DDD-B022-4B12-8244-CCAFCAFD7C36} = {E45D6DDD-B022-4B12-8244-CCAFCAFD7C36}
		{0E53C9C1-A51B-4C06-91B8-68E76C72D94D} = {0E53C9C1-A51B-4C06-91B8-68E76C72D94D}
		{CE683DB3-27B3-4D8F-9C05-9C0E4F1BE574} = {CE683DB3-27B3-4D8F-9C05-9C0E4F1BE574}
		{9D8DCA88-F57F-4783-B102-CA109677BE20} = {9D8DCA88-F57F-4783-B102-CA109677BE20}
		{4F923E4E-9EBE-4D05-B295-117E0684D7A6} = {4F923E4E-9EBE-4D05-B295-117E0684D7A6}
		{FBC1DE4C-B4F5-4F6F-86A7-6B582532E3D7} = {FBC1DE4C-B4F5-4F6F-86A7-6B582532E3D7}
		{F89DCD42-BE04-46DF-A576-C2C6519658C9} = {F89DCD42-BE04-46DF-A576-C2C6519658C9}
		{2FBEF721-9062-4D85-BBCA-596274BB4B7D} = {2FBEF721-9062-4D85-BBCA-596274BB4B7D}
		{F553DA12-7520-4CE2-9F9B-300C7AB0E059} = {F553DA12-7520-4CE2-9F9B-300C7AB0E059}
	EndProjectSection
EndProject
Project("{8BC9CEB8-8B4A-11D0-8D11-00A0C91BC942}") = "sositpxs0   Server App (NUL Security)", "sositpxs0.vcproj", "{A6618796-A133-470D-BCEE-BC9B1D3E8CBE}"
	ProjectSection(ProjectDependencies) = postProject
		{E45D6DDD-B022-4B12-8244-CCAFCAFD7C36} = {E45D6DDD-B022-4B12-8244-CCAFCAFD7C36}
		{0E53C9C1-A51B-4C06-91B8-68E76C72D94D} = {0E53C9C1-A51B-4C06-91B8-68E76C72D94D}
		{CE683DB3-27B3-4D8F-9C05-9C0E4F1BE574} = {CE683DB3-27B3-4D8F-9C05-9C0E4F1BE574}
		{9D8DCA88-F57F-4783-B102-CA109677BE20} = {9D8DCA88-F57F-4783-B102-CA109677BE20}
		{4F923E4E-9EBE-4D05-B295-117E0684D7A6} = {4F923E4E-9EBE-4D05-B295-117E0684D7A6}
		{F89DCD42-BE04-46DF-A576-C2C6519658C9} = {F89DCD42-BE04-46DF-A576-C2C6519658C9}
		{7D594E3C-ECC2-4262-8C73-D87EA81ECEAD} = {7D594E3C-ECC2-4262-8C73-D87EA81ECEAD}
		{2FBEF721-9062-4D85-BBCA-596274BB4B7D} = {2FBEF721-9062-4D85-BBCA-596274BB4B7D}
		{F553DA12-7520-4CE2-9F9B-300C7AB0E059} = {F553DA12-7520-4CE2-9F9B-300C7AB0E059}
	EndProjectSection
EndProject
Project("{8BC9CEB8-8B4A-11D0-8D11-00A0C91BC942}") = "uositcps0  UCA Server App (NUL Security)", "uositcps0.vcproj", "{600287A9-5BB8-42D2-AF24-CA333BFF3B16}"
	ProjectSection(ProjectDependencies) = postProject
		{E45D6DDD-B022-4B12-8244-CCAFCAFD7C36} = {E45D6DDD-B022-4B12-8244-CCAFCAFD7C36}
		{0E53C9C1-A51B-4C06-91B8-68E76C72D94D} = {0E53C9C1-A51B-4C06-91B8-68E76C72D94D}
		{CE683DB3-27B3-4D8F-9C05-9C0E4F1BE574} = {CE683DB3-27B3-4D8F-9C05-9C0E4F1BE574}
		{96331292-6075-4864-ACF5-9076B434B0A1} = {96331292-6075-4864-ACF5-9076B434B0A1}
		{9D8DCA88-F57F-4783-B102-CA109677BE20} = {9D8DCA88-F57F-4783-B102-CA109677BE20}
		{4F923E4E-9EBE-4D05-B295-117E0684D7A6} = {4F923E4E-9EBE-4D05-B295-117E0684D7A6}
		{FBC1DE4C-B4F5-4F6F-86A7-6B582532E3D7} = {FBC1DE4C-B4F5-4F6F-86A7-6B582532E3D7}
		{F89DCD42-BE04-46DF-A576-C2C6519658C9} = {F89DCD42-BE04-46DF-A576-C2C6519658C9}
		{2FBEF721-9062-4D85-BBCA-596274BB4B7D} = {2FBEF721-9062-4D85-BBCA-596274BB4B7D}
	EndProjectSection
EndProject
Project("{8BC9CEB8-8B4A-11D0-8D11-00A0C91BC942}") = "uositpxs0  UCA Server App (NUL Security)", "uositpxs0.vcproj", "{48637E50-DA46-4C2A-ADEE-9DB02BA8366F}"
	ProjectSection(ProjectDependencies) = postProject
		{E45D6DDD-B022-4B12-8244-CCAFCAFD7C36} = {E45D6DDD-B022-4B12-8244-CCAFCAFD7C36}
		{0E53C9C1-A51B-4C06-91B8-68E76C72D94D} = {0E53C9C1-A51B-4C06-91B8-68E76C72D94D}
		{CE683DB3-27B3-4D8F-9C05-9C0E4F1BE574} = {CE683DB3-27B3-4D8F-9C05-9C0E4F1BE574}
		{96331292-6075-4864-ACF5-9076B434B0A1} = {96331292-6075-4864-ACF5-9076B434B0A1}
		{9D8DCA88-F57F-4783-B102-CA109677BE20} = {9D8DCA88-F57F-4783-B102-CA109677BE20}
		{4F923E4E-9EBE-4D05-B295-117E0684D7A6} = {4F923E4E-9EBE-4D05-B295-117E0684D7A6}
		{F89DCD42-BE04-46DF-A576-C2C6519658C9} = {F89DCD42-BE04-46DF-A576-C2C6519658C9}
		{7D594E3C-ECC2-4262-8C73-D87EA81ECEAD} = {7D594E3C-ECC2-4262-8C73-D87EA81ECEAD}
		{2FBEF721-9062-4D85-BBCA-596274BB4B7D} = {2FBEF721-9062-4D85-BBCA-596274BB4B7D}
	EndProjectSection
EndProject
Project("{8BC9CEB8-8B4A-11D0-8D11-00A0C91BC942}") = "sn_targt", "sn_targt.vcproj", "{28116D68-98D8-469B-B932-DB360A775A14}"
EndProject
Project("{8BC9CEB8-8B4A-11D0-8D11-00A0C91BC942}") = "sn_test", "sn_test.vcproj", "{98D9613E-ADEE-40FC-B258-60A053009566}"
EndProject
Project("{8BC9CEB8-8B4A-11D0-8D11-00A0C91BC942}") = "gse_mgmt_test  Test App", "gse_mgmt_test.vcproj", "{93084587-9E3E-4438-B764-79F2B9741520}"
	ProjectSection(ProjectDependencies) = postProject
		{1697E6E9-0D8F-40E4-8B68-4B67880EA03E} = {1697E6E9-0D8F-40E4-8B68-4B67880EA03E}
		{E45D6DDD-B022-4B12-8244-CCAFCAFD7C36} = {E45D6DDD-B022-4B12-8244-CCAFCAFD7C36}
		{0E53C9C1-A51B-4C06-91B8-68E76C72D94D} = {0E53C9C1-A51B-4C06-91B8-68E76C72D94D}
		{CE683DB3-27B3-4D8F-9C05-9C0E4F1BE574} = {CE683DB3-27B3-4D8F-9C05-9C0E4F1BE574}
		{96331292-6075-4864-ACF5-9076B434B0A1} = {96331292-6075-4864-ACF5-9076B434B0A1}
		{4F923E4E-9EBE-4D05-B295-117E0684D7A6} = {4F923E4E-9EBE-4D05-B295-117E0684D7A6}
		{F89DCD42-BE04-46DF-A576-C2C6519658C9} = {F89DCD42-BE04-46DF-A576-C2C6519658C9}
		{06A3A134-FAAC-4487-B723-86CFCEE7FB3D} = {06A3A134-FAAC-4487-B723-86CFCEE7FB3D}
		{2FBEF721-9062-4D85-BBCA-596274BB4B7D} = {2FBEF721-9062-4D85-BBCA-596274BB4B7D}
	EndProjectSection
EndProject
Project("{8BC9CEB8-8B4A-11D0-8D11-00A0C91BC942}") = "gse_mgmt  Library", "gse_mgmt.vcproj", "{06A3A134-FAAC-4487-B723-86CFCEE7FB3D}"
EndProject
Global
	GlobalSection(SolutionConfigurationPlatforms) = preSolution
		Debug Expat|Win32 = Debug Expat|Win32
		Debug No Logging|Win32 = Debug No Logging|Win32
		Debug|Win32 = Debug|Win32
		Release Expat|Win32 = Release Expat|Win32
		Release No Logging|Win32 = Release No Logging|Win32
		Release|Win32 = Release|Win32
	EndGlobalSection
	GlobalSection(ProjectConfigurationPlatforms) = postSolution
		{4F923E4E-9EBE-4D05-B295-117E0684D7A6}.Debug Expat|Win32.ActiveCfg = Debug|Win32
		{4F923E4E-9EBE-4D05-B295-117E0684D7A6}.Debug Expat|Win32.Build.0 = Debug|Win32
		{4F923E4E-9EBE-4D05-B295-117E0684D7A6}.Debug No Logging|Win32.ActiveCfg = Debug No Logging|Win32
		{4F923E4E-9EBE-4D05-B295-117E0684D7A6}.Debug No Logging|Win32.Build.0 = Debug No Logging|Win32
		{4F923E4E-9EBE-4D05-B295-117E0684D7A6}.Debug|Win32.ActiveCfg = Debug|Win32
		{4F923E4E-9EBE-4D05-B295-117E0684D7A6}.Debug|Win32.Build.0 = Debug|Win32
		{4F923E4E-9EBE-4D05-B295-117E0684D7A6}.Release Expat|Win32.ActiveCfg = Release|Win32
		{4F923E4E-9EBE-4D05-B295-117E0684D7A6}.Release Expat|Win32.Build.0 = Release|Win32
		{4F923E4E-9EBE-4D05-B295-117E0684D7A6}.Release No Logging|Win32.ActiveCfg = Release No Logging|Win32
		{4F923E4E-9EBE-4D05-B295-117E0684D7A6}.Release No Logging|Win32.Build.0 = Release No Logging|Win32
		{4F923E4E-9EBE-4D05-B295-117E0684D7A6}.Release|Win32.ActiveCfg = Release|Win32
		{4F923E4E-9EBE-4D05-B295-117E0684D7A6}.Release|Win32.Build.0 = Release|Win32
		{17A0C8A2-CE57-4AB1-9BB3-11211E8AA010}.Debug Expat|Win32.ActiveCfg = Release|Win32
		{17A0C8A2-CE57-4AB1-9BB3-11211E8AA010}.Debug No Logging|Win32.ActiveCfg = Release|Win32
		{17A0C8A2-CE57-4AB1-9BB3-11211E8AA010}.Debug|Win32.ActiveCfg = Release|Win32
		{17A0C8A2-CE57-4AB1-9BB3-11211E8AA010}.Release Expat|Win32.ActiveCfg = Release|Win32
		{17A0C8A2-CE57-4AB1-9BB3-11211E8AA010}.Release No Logging|Win32.ActiveCfg = Release|Win32
		{17A0C8A2-CE57-4AB1-9BB3-11211E8AA010}.Release|Win32.ActiveCfg = Release|Win32
		{E4B7FDFA-F393-4629-8744-A916146E274F}.Debug Expat|Win32.ActiveCfg = Debug|Win32
		{E4B7FDFA-F393-4629-8744-A916146E274F}.Debug Expat|Win32.Build.0 = Debug|Win32
		{E4B7FDFA-F393-4629-8744-A916146E274F}.Debug No Logging|Win32.ActiveCfg = Debug No Logging|Win32
		{E4B7FDFA-F393-4629-8744-A916146E274F}.Debug No Logging|Win32.Build.0 = Debug No Logging|Win32
		{E4B7FDFA-F393-4629-8744-A916146E274F}.Debug|Win32.ActiveCfg = Debug|Win32
		{E4B7FDFA-F393-4629-8744-A916146E274F}.Debug|Win32.Build.0 = Debug|Win32
		{E4B7FDFA-F393-4629-8744-A916146E274F}.Release Expat|Win32.ActiveCfg = Release|Win32
		{E4B7FDFA-F393-4629-8744-A916146E274F}.Release Expat|Win32.Build.0 = Release|Win32
		{E4B7FDFA-F393-4629-8744-A916146E274F}.Release No Logging|Win32.ActiveCfg = Release No Logging|Win32
		{E4B7FDFA-F393-4629-8744-A916146E274F}.Release No Logging|Win32.Build.0 = Release No Logging|Win32
		{E4B7FDFA-F393-4629-8744-A916146E274F}.Release|Win32.ActiveCfg = Release|Win32
		{E4B7FDFA-F393-4629-8744-A916146E274F}.Release|Win32.Build.0 = Release|Win32
		{CE683DB3-27B3-4D8F-9C05-9C0E4F1BE574}.Debug Expat|Win32.ActiveCfg = Debug|Win32
		{CE683DB3-27B3-4D8F-9C05-9C0E4F1BE574}.Debug Expat|Win32.Build.0 = Debug|Win32
		{CE683DB3-27B3-4D8F-9C05-9C0E4F1BE574}.Debug No Logging|Win32.ActiveCfg = Debug No Logging|Win32
		{CE683DB3-27B3-4D8F-9C05-9C0E4F1BE574}.Debug No Logging|Win32.Build.0 = Debug No Logging|Win32
		{CE683DB3-27B3-4D8F-9C05-9C0E4F1BE574}.Debug|Win32.ActiveCfg = Debug|Win32
		{CE683DB3-27B3-4D8F-9C05-9C0E4F1BE574}.Debug|Win32.Build.0 = Debug|Win32
		{CE683DB3-27B3-4D8F-9C05-9C0E4F1BE574}.Release Expat|Win32.ActiveCfg = Release|Win32
		{CE683DB3-27B3-4D8F-9C05-9C0E4F1BE574}.Release Expat|Win32.Build.0 = Release|Win32
		{CE683DB3-27B3-4D8F-9C05-9C0E4F1BE574}.Release No Logging|Win32.ActiveCfg = Release No Logging|Win32
		{CE683DB3-27B3-4D8F-9C05-9C0E4F1BE574}.Release No Logging|Win32.Build.0 = Release No Logging|Win32
		{CE683DB3-27B3-4D8F-9C05-9C0E4F1BE574}.Release|Win32.ActiveCfg = Release|Win32
		{CE683DB3-27B3-4D8F-9C05-9C0E4F1BE574}.Release|Win32.Build.0 = Release|Win32
		{71BDF265-DB78-4C90-A8D2-A563B82205C3}.Debug Expat|Win32.ActiveCfg = Debug|Win32
		{71BDF265-DB78-4C90-A8D2-A563B82205C3}.Debug Expat|Win32.Build.0 = Debug|Win32
		{71BDF265-DB78-4C90-A8D2-A563B82205C3}.Debug No Logging|Win32.ActiveCfg = Debug No Logging|Win32
		{71BDF265-DB78-4C90-A8D2-A563B82205C3}.Debug No Logging|Win32.Build.0 = Debug No Logging|Win32
		{71BDF265-DB78-4C90-A8D2-A563B82205C3}.Debug|Win32.ActiveCfg = Debug|Win32
		{71BDF265-DB78-4C90-A8D2-A563B82205C3}.Debug|Win32.Build.0 = Debug|Win32
		{71BDF265-DB78-4C90-A8D2-A563B82205C3}.Release Expat|Win32.ActiveCfg = Release|Win32
		{71BDF265-DB78-4C90-A8D2-A563B82205C3}.Release Expat|Win32.Build.0 = Release|Win32
		{71BDF265-DB78-4C90-A8D2-A563B82205C3}.Release No Logging|Win32.ActiveCfg = Release No Logging|Win32
		{71BDF265-DB78-4C90-A8D2-A563B82205C3}.Release No Logging|Win32.Build.0 = Release No Logging|Win32
		{71BDF265-DB78-4C90-A8D2-A563B82205C3}.Release|Win32.ActiveCfg = Release|Win32
		{71BDF265-DB78-4C90-A8D2-A563B82205C3}.Release|Win32.Build.0 = Release|Win32
		{E9595B17-5C2C-4FF5-A2D6-B269B4250686}.Debug Expat|Win32.ActiveCfg = Debug|Win32
		{E9595B17-5C2C-4FF5-A2D6-B269B4250686}.Debug Expat|Win32.Build.0 = Debug|Win32
		{E9595B17-5C2C-4FF5-A2D6-B269B4250686}.Debug No Logging|Win32.ActiveCfg = Debug No Logging|Win32
		{E9595B17-5C2C-4FF5-A2D6-B269B4250686}.Debug No Logging|Win32.Build.0 = Debug No Logging|Win32
		{E9595B17-5C2C-4FF5-A2D6-B269B4250686}.Debug|Win32.ActiveCfg = Debug|Win32
		{E9595B17-5C2C-4FF5-A2D6-B269B4250686}.Debug|Win32.Build.0 = Debug|Win32
		{E9595B17-5C2C-4FF5-A2D6-B269B4250686}.Release Expat|Win32.ActiveCfg = Release|Win32
		{E9595B17-5C2C-4FF5-A2D6-B269B4250686}.Release Expat|Win32.Build.0 = Release|Win32
		{E9595B17-5C2C-4FF5-A2D6-B269B4250686}.Release No Logging|Win32.ActiveCfg = Release No Logging|Win32
		{E9595B17-5C2C-4FF5-A2D6-B269B4250686}.Release No Logging|Win32.Build.0 = Release No Logging|Win32
		{E9595B17-5C2C-4FF5-A2D6-B269B4250686}.Release|Win32.ActiveCfg = Release|Win32
		{E9595B17-5C2C-4FF5-A2D6-B269B4250686}.Release|Win32.Build.0 = Release|Win32
		{2FBEF721-9062-4D85-BBCA-596274BB4B7D}.Debug Expat|Win32.ActiveCfg = Debug|Win32
		{2FBEF721-9062-4D85-BBCA-596274BB4B7D}.Debug Expat|Win32.Build.0 = Debug|Win32
		{2FBEF721-9062-4D85-BBCA-596274BB4B7D}.Debug No Logging|Win32.ActiveCfg = Debug No Logging|Win32
		{2FBEF721-9062-4D85-BBCA-596274BB4B7D}.Debug No Logging|Win32.Build.0 = Debug No Logging|Win32
		{2FBEF721-9062-4D85-BBCA-596274BB4B7D}.Debug|Win32.ActiveCfg = Debug|Win32
		{2FBEF721-9062-4D85-BBCA-596274BB4B7D}.Debug|Win32.Build.0 = Debug|Win32
		{2FBEF721-9062-4D85-BBCA-596274BB4B7D}.Release Expat|Win32.ActiveCfg = Release|Win32
		{2FBEF721-9062-4D85-BBCA-596274BB4B7D}.Release Expat|Win32.Build.0 = Release|Win32
		{2FBEF721-9062-4D85-BBCA-596274BB4B7D}.Release No Logging|Win32.ActiveCfg = Release No Logging|Win32
		{2FBEF721-9062-4D85-BBCA-596274BB4B7D}.Release No Logging|Win32.Build.0 = Release No Logging|Win32
		{2FBEF721-9062-4D85-BBCA-596274BB4B7D}.Release|Win32.ActiveCfg = Release|Win32
		{2FBEF721-9062-4D85-BBCA-596274BB4B7D}.Release|Win32.Build.0 = Release|Win32
		{0E53C9C1-A51B-4C06-91B8-68E76C72D94D}.Debug Expat|Win32.ActiveCfg = Debug|Win32
		{0E53C9C1-A51B-4C06-91B8-68E76C72D94D}.Debug Expat|Win32.Build.0 = Debug|Win32
		{0E53C9C1-A51B-4C06-91B8-68E76C72D94D}.Debug No Logging|Win32.ActiveCfg = Debug No Logging|Win32
		{0E53C9C1-A51B-4C06-91B8-68E76C72D94D}.Debug No Logging|Win32.Build.0 = Debug No Logging|Win32
		{0E53C9C1-A51B-4C06-91B8-68E76C72D94D}.Debug|Win32.ActiveCfg = Debug|Win32
		{0E53C9C1-A51B-4C06-91B8-68E76C72D94D}.Debug|Win32.Build.0 = Debug|Win32
		{0E53C9C1-A51B-4C06-91B8-68E76C72D94D}.Release Expat|Win32.ActiveCfg = Release|Win32
		{0E53C9C1-A51B-4C06-91B8-68E76C72D94D}.Release Expat|Win32.Build.0 = Release|Win32
		{0E53C9C1-A51B-4C06-91B8-68E76C72D94D}.Release No Logging|Win32.ActiveCfg = Release No Logging|Win32
		{0E53C9C1-A51B-4C06-91B8-68E76C72D94D}.Release No Logging|Win32.Build.0 = Release No Logging|Win32
		{0E53C9C1-A51B-4C06-91B8-68E76C72D94D}.Release|Win32.ActiveCfg = Release|Win32
		{0E53C9C1-A51B-4C06-91B8-68E76C72D94D}.Release|Win32.Build.0 = Release|Win32
		{D4D20E14-5E6E-43B7-A714-92C04A7254B2}.Debug Expat|Win32.ActiveCfg = Release|Win32
		{D4D20E14-5E6E-43B7-A714-92C04A7254B2}.Debug No Logging|Win32.ActiveCfg = Release|Win32
		{D4D20E14-5E6E-43B7-A714-92C04A7254B2}.Debug|Win32.ActiveCfg = Release|Win32
		{D4D20E14-5E6E-43B7-A714-92C04A7254B2}.Release Expat|Win32.ActiveCfg = Release|Win32
		{D4D20E14-5E6E-43B7-A714-92C04A7254B2}.Release No Logging|Win32.ActiveCfg = Release|Win32
		{D4D20E14-5E6E-43B7-A714-92C04A7254B2}.Release|Win32.ActiveCfg = Release|Win32
		{F553DA12-7520-4CE2-9F9B-300C7AB0E059}.Debug Expat|Win32.ActiveCfg = Debug|Win32
		{F553DA12-7520-4CE2-9F9B-300C7AB0E059}.Debug Expat|Win32.Build.0 = Debug|Win32
		{F553DA12-7520-4CE2-9F9B-300C7AB0E059}.Debug No Logging|Win32.ActiveCfg = Debug No Logging|Win32
		{F553DA12-7520-4CE2-9F9B-300C7AB0E059}.Debug No Logging|Win32.Build.0 = Debug No Logging|Win32
		{F553DA12-7520-4CE2-9F9B-300C7AB0E059}.Debug|Win32.ActiveCfg = Debug|Win32
		{F553DA12-7520-4CE2-9F9B-300C7AB0E059}.Debug|Win32.Build.0 = Debug|Win32
		{F553DA12-7520-4CE2-9F9B-300C7AB0E059}.Release Expat|Win32.ActiveCfg = Release|Win32
		{F553DA12-7520-4CE2-9F9B-300C7AB0E059}.Release Expat|Win32.Build.0 = Release|Win32
		{F553DA12-7520-4CE2-9F9B-300C7AB0E059}.Release No Logging|Win32.ActiveCfg = Release No Logging|Win32
		{F553DA12-7520-4CE2-9F9B-300C7AB0E059}.Release No Logging|Win32.Build.0 = Release No Logging|Win32
		{F553DA12-7520-4CE2-9F9B-300C7AB0E059}.Release|Win32.ActiveCfg = Release|Win32
		{F553DA12-7520-4CE2-9F9B-300C7AB0E059}.Release|Win32.Build.0 = Release|Win32
		{96331292-6075-4864-ACF5-9076B434B0A1}.Debug Expat|Win32.ActiveCfg = Debug|Win32
		{96331292-6075-4864-ACF5-9076B434B0A1}.Debug Expat|Win32.Build.0 = Debug|Win32
		{96331292-6075-4864-ACF5-9076B434B0A1}.Debug No Logging|Win32.ActiveCfg = Debug No Logging|Win32
		{96331292-6075-4864-ACF5-9076B434B0A1}.Debug No Logging|Win32.Build.0 = Debug No Logging|Win32
		{96331292-6075-4864-ACF5-9076B434B0A1}.Debug|Win32.ActiveCfg = Debug|Win32
		{96331292-6075-4864-ACF5-9076B434B0A1}.Debug|Win32.Build.0 = Debug|Win32
		{96331292-6075-4864-ACF5-9076B434B0A1}.Release Expat|Win32.ActiveCfg = Release|Win32
		{96331292-6075-4864-ACF5-9076B434B0A1}.Release Expat|Win32.Build.0 = Release|Win32
		{96331292-6075-4864-ACF5-9076B434B0A1}.Release No Logging|Win32.ActiveCfg = Release No Logging|Win32
		{96331292-6075-4864-ACF5-9076B434B0A1}.Release No Logging|Win32.Build.0 = Release No Logging|Win32
		{96331292-6075-4864-ACF5-9076B434B0A1}.Release|Win32.ActiveCfg = Release|Win32
		{96331292-6075-4864-ACF5-9076B434B0A1}.Release|Win32.Build.0 = Release|Win32
		{9BB7AAAA-B4A4-40C3-87A4-1613313387A4}.Debug Expat|Win32.ActiveCfg = Debug|Win32
		{9BB7AAAA-B4A4-40C3-87A4-1613313387A4}.Debug Expat|Win32.Build.0 = Debug|Win32
		{9BB7AAAA-B4A4-40C3-87A4-1613313387A4}.Debug No Logging|Win32.ActiveCfg = Debug No Logging|Win32
		{9BB7AAAA-B4A4-40C3-87A4-1613313387A4}.Debug No Logging|Win32.Build.0 = Debug No Logging|Win32
		{9BB7AAAA-B4A4-40C3-87A4-1613313387A4}.Debug|Win32.ActiveCfg = Debug|Win32
		{9BB7AAAA-B4A4-40C3-87A4-1613313387A4}.Debug|Win32.Build.0 = Debug|Win32
		{9BB7AAAA-B4A4-40C3-87A4-1613313387A4}.Release Expat|Win32.ActiveCfg = Release|Win32
		{9BB7AAAA-B4A4-40C3-87A4-1613313387A4}.Release Expat|Win32.Build.0 = Release|Win32
		{9BB7AAAA-B4A4-40C3-87A4-1613313387A4}.Release No Logging|Win32.ActiveCfg = Release No Logging|Win32
		{9BB7AAAA-B4A4-40C3-87A4-1613313387A4}.Release No Logging|Win32.Build.0 = Release No Logging|Win32
		{9BB7AAAA-B4A4-40C3-87A4-1613313387A4}.Release|Win32.ActiveCfg = Release|Win32
		{9BB7AAAA-B4A4-40C3-87A4-1613313387A4}.Release|Win32.Build.0 = Release|Win32
		{FBC1DE4C-B4F5-4F6F-86A7-6B582532E3D7}.Debug Expat|Win32.ActiveCfg = Debug|Win32
		{FBC1DE4C-B4F5-4F6F-86A7-6B582532E3D7}.Debug Expat|Win32.Build.0 = Debug|Win32
		{FBC1DE4C-B4F5-4F6F-86A7-6B582532E3D7}.Debug No Logging|Win32.ActiveCfg = Debug No Logging|Win32
		{FBC1DE4C-B4F5-4F6F-86A7-6B582532E3D7}.Debug No Logging|Win32.Build.0 = Debug No Logging|Win32
		{FBC1DE4C-B4F5-4F6F-86A7-6B582532E3D7}.Debug|Win32.ActiveCfg = Debug|Win32
		{FBC1DE4C-B4F5-4F6F-86A7-6B582532E3D7}.Debug|Win32.Build.0 = Debug|Win32
		{FBC1DE4C-B4F5-4F6F-86A7-6B582532E3D7}.Release Expat|Win32.ActiveCfg = Release|Win32
		{FBC1DE4C-B4F5-4F6F-86A7-6B582532E3D7}.Release Expat|Win32.Build.0 = Release|Win32
		{FBC1DE4C-B4F5-4F6F-86A7-6B582532E3D7}.Release No Logging|Win32.ActiveCfg = Release No Logging|Win32
		{FBC1DE4C-B4F5-4F6F-86A7-6B582532E3D7}.Release No Logging|Win32.Build.0 = Release No Logging|Win32
		{FBC1DE4C-B4F5-4F6F-86A7-6B582532E3D7}.Release|Win32.ActiveCfg = Release|Win32
		{FBC1DE4C-B4F5-4F6F-86A7-6B582532E3D7}.Release|Win32.Build.0 = Release|Win32
		{1697E6E9-0D8F-40E4-8B68-4B67880EA03E}.Debug Expat|Win32.ActiveCfg = Debug|Win32
		{1697E6E9-0D8F-40E4-8B68-4B67880EA03E}.Debug Expat|Win32.Build.0 = Debug|Win32
		{1697E6E9-0D8F-40E4-8B68-4B67880EA03E}.Debug No Logging|Win32.ActiveCfg = Debug No Logging|Win32
		{1697E6E9-0D8F-40E4-8B68-4B67880EA03E}.Debug No Logging|Win32.Build.0 = Debug No Logging|Win32
		{1697E6E9-0D8F-40E4-8B68-4B67880EA03E}.Debug|Win32.ActiveCfg = Debug|Win32
		{1697E6E9-0D8F-40E4-8B68-4B67880EA03E}.Debug|Win32.Build.0 = Debug|Win32
		{1697E6E9-0D8F-40E4-8B68-4B67880EA03E}.Release Expat|Win32.ActiveCfg = Release|Win32
		{1697E6E9-0D8F-40E4-8B68-4B67880EA03E}.Release Expat|Win32.Build.0 = Release|Win32
		{1697E6E9-0D8F-40E4-8B68-4B67880EA03E}.Release No Logging|Win32.ActiveCfg = Release No Logging|Win32
		{1697E6E9-0D8F-40E4-8B68-4B67880EA03E}.Release No Logging|Win32.Build.0 = Release No Logging|Win32
		{1697E6E9-0D8F-40E4-8B68-4B67880EA03E}.Release|Win32.ActiveCfg = Release|Win32
		{1697E6E9-0D8F-40E4-8B68-4B67880EA03E}.Release|Win32.Build.0 = Release|Win32
		{D699C28D-7EFE-43A7-8C05-7E91037D6963}.Debug Expat|Win32.ActiveCfg = Debug|Win32
		{D699C28D-7EFE-43A7-8C05-7E91037D6963}.Debug Expat|Win32.Build.0 = Debug|Win32
		{D699C28D-7EFE-43A7-8C05-7E91037D6963}.Debug No Logging|Win32.ActiveCfg = Debug No Logging|Win32
		{D699C28D-7EFE-43A7-8C05-7E91037D6963}.Debug No Logging|Win32.Build.0 = Debug No Logging|Win32
		{D699C28D-7EFE-43A7-8C05-7E91037D6963}.Debug|Win32.ActiveCfg = Debug|Win32
		{D699C28D-7EFE-43A7-8C05-7E91037D6963}.Debug|Win32.Build.0 = Debug|Win32
		{D699C28D-7EFE-43A7-8C05-7E91037D6963}.Release Expat|Win32.ActiveCfg = Release|Win32
		{D699C28D-7EFE-43A7-8C05-7E91037D6963}.Release Expat|Win32.Build.0 = Release|Win32
		{D699C28D-7EFE-43A7-8C05-7E91037D6963}.Release No Logging|Win32.ActiveCfg = Release No Logging|Win32
		{D699C28D-7EFE-43A7-8C05-7E91037D6963}.Release No Logging|Win32.Build.0 = Release No Logging|Win32
		{D699C28D-7EFE-43A7-8C05-7E91037D6963}.Release|Win32.ActiveCfg = Release|Win32
		{D699C28D-7EFE-43A7-8C05-7E91037D6963}.Release|Win32.Build.0 = Release|Win32
		{7D594E3C-ECC2-4262-8C73-D87EA81ECEAD}.Debug Expat|Win32.ActiveCfg = Debug|Win32
		{7D594E3C-ECC2-4262-8C73-D87EA81ECEAD}.Debug Expat|Win32.Build.0 = Debug|Win32
		{7D594E3C-ECC2-4262-8C73-D87EA81ECEAD}.Debug No Logging|Win32.ActiveCfg = Debug No Logging|Win32
		{7D594E3C-ECC2-4262-8C73-D87EA81ECEAD}.Debug No Logging|Win32.Build.0 = Debug No Logging|Win32
		{7D594E3C-ECC2-4262-8C73-D87EA81ECEAD}.Debug|Win32.ActiveCfg = Debug|Win32
		{7D594E3C-ECC2-4262-8C73-D87EA81ECEAD}.Debug|Win32.Build.0 = Debug|Win32
		{7D594E3C-ECC2-4262-8C73-D87EA81ECEAD}.Release Expat|Win32.ActiveCfg = Release|Win32
		{7D594E3C-ECC2-4262-8C73-D87EA81ECEAD}.Release Expat|Win32.Build.0 = Release|Win32
		{7D594E3C-ECC2-4262-8C73-D87EA81ECEAD}.Release No Logging|Win32.ActiveCfg = Release No Logging|Win32
		{7D594E3C-ECC2-4262-8C73-D87EA81ECEAD}.Release No Logging|Win32.Build.0 = Release No Logging|Win32
		{7D594E3C-ECC2-4262-8C73-D87EA81ECEAD}.Release|Win32.ActiveCfg = Release|Win32
		{7D594E3C-ECC2-4262-8C73-D87EA81ECEAD}.Release|Win32.Build.0 = Release|Win32
		{B0053577-BB9A-4263-B132-59CE6DC72A8A}.Debug Expat|Win32.ActiveCfg = Debug|Win32
		{B0053577-BB9A-4263-B132-59CE6DC72A8A}.Debug Expat|Win32.Build.0 = Debug|Win32
		{B0053577-BB9A-4263-B132-59CE6DC72A8A}.Debug No Logging|Win32.ActiveCfg = Debug No Logging|Win32
		{B0053577-BB9A-4263-B132-59CE6DC72A8A}.Debug No Logging|Win32.Build.0 = Debug No Logging|Win32
		{B0053577-BB9A-4263-B132-59CE6DC72A8A}.Debug|Win32.ActiveCfg = Debug|Win32
		{B0053577-BB9A-4263-B132-59CE6DC72A8A}.Debug|Win32.Build.0 = Debug|Win32
		{B0053577-BB9A-4263-B132-59CE6DC72A8A}.Release Expat|Win32.ActiveCfg = Release|Win32
		{B0053577-BB9A-4263-B132-59CE6DC72A8A}.Release Expat|Win32.Build.0 = Release|Win32
		{B0053577-BB9A-4263-B132-59CE6DC72A8A}.Release No Logging|Win32.ActiveCfg = Release No Logging|Win32
		{B0053577-BB9A-4263-B132-59CE6DC72A8A}.Release No Logging|Win32.Build.0 = Release No Logging|Win32
		{B0053577-BB9A-4263-B132-59CE6DC72A8A}.Release|Win32.ActiveCfg = Release|Win32
		{B0053577-BB9A-4263-B132-59CE6DC72A8A}.Release|Win32.Build.0 = Release|Win32
		{F89DCD42-BE04-46DF-A576-C2C6519658C9}.Debug Expat|Win32.ActiveCfg = Debug|Win32
		{F89DCD42-BE04-46DF-A576-C2C6519658C9}.Debug Expat|Win32.Build.0 = Debug|Win32
		{F89DCD42-BE04-46DF-A576-C2C6519658C9}.Debug No Logging|Win32.ActiveCfg = Debug No Logging|Win32
		{F89DCD42-BE04-46DF-A576-C2C6519658C9}.Debug No Logging|Win32.Build.0 = Debug No Logging|Win32
		{F89DCD42-BE04-46DF-A576-C2C6519658C9}.Debug|Win32.ActiveCfg = Debug|Win32
		{F89DCD42-BE04-46DF-A576-C2C6519658C9}.Debug|Win32.Build.0 = Debug|Win32
		{F89DCD42-BE04-46DF-A576-C2C6519658C9}.Release Expat|Win32.ActiveCfg = Release|Win32
		{F89DCD42-BE04-46DF-A576-C2C6519658C9}.Release Expat|Win32.Build.0 = Release|Win32
		{F89DCD42-BE04-46DF-A576-C2C6519658C9}.Release No Logging|Win32.ActiveCfg = Release No Logging|Win32
		{F89DCD42-BE04-46DF-A576-C2C6519658C9}.Release No Logging|Win32.Build.0 = Release No Logging|Win32
		{F89DCD42-BE04-46DF-A576-C2C6519658C9}.Release|Win32.ActiveCfg = Release|Win32
		{F89DCD42-BE04-46DF-A576-C2C6519658C9}.Release|Win32.Build.0 = Release|Win32
		{625D7B76-017F-4D73-A337-CFDCE0A5F1D8}.Debug Expat|Win32.ActiveCfg = Debug|Win32
		{625D7B76-017F-4D73-A337-CFDCE0A5F1D8}.Debug Expat|Win32.Build.0 = Debug|Win32
		{625D7B76-017F-4D73-A337-CFDCE0A5F1D8}.Debug No Logging|Win32.ActiveCfg = Debug No Logging|Win32
		{625D7B76-017F-4D73-A337-CFDCE0A5F1D8}.Debug No Logging|Win32.Build.0 = Debug No Logging|Win32
		{625D7B76-017F-4D73-A337-CFDCE0A5F1D8}.Debug|Win32.ActiveCfg = Debug|Win32
		{625D7B76-017F-4D73-A337-CFDCE0A5F1D8}.Debug|Win32.Build.0 = Debug|Win32
		{625D7B76-017F-4D73-A337-CFDCE0A5F1D8}.Release Expat|Win32.ActiveCfg = Release|Win32
		{625D7B76-017F-4D73-A337-CFDCE0A5F1D8}.Release Expat|Win32.Build.0 = Release|Win32
		{625D7B76-017F-4D73-A337-CFDCE0A5F1D8}.Release No Logging|Win32.ActiveCfg = Release No Logging|Win32
		{625D7B76-017F-4D73-A337-CFDCE0A5F1D8}.Release No Logging|Win32.Build.0 = Release No Logging|Win32
		{625D7B76-017F-4D73-A337-CFDCE0A5F1D8}.Release|Win32.ActiveCfg = Release|Win32
		{625D7B76-017F-4D73-A337-CFDCE0A5F1D8}.Release|Win32.Build.0 = Release|Win32
		{110BAD92-D163-4525-9839-86AA1A07D62D}.Debug Expat|Win32.ActiveCfg = Debug|Win32
		{110BAD92-D163-4525-9839-86AA1A07D62D}.Debug Expat|Win32.Build.0 = Debug|Win32
		{110BAD92-D163-4525-9839-86AA1A07D62D}.Debug No Logging|Win32.ActiveCfg = Debug No Logging|Win32
		{110BAD92-D163-4525-9839-86AA1A07D62D}.Debug No Logging|Win32.Build.0 = Debug No Logging|Win32
		{110BAD92-D163-4525-9839-86AA1A07D62D}.Debug|Win32.ActiveCfg = Debug|Win32
		{110BAD92-D163-4525-9839-86AA1A07D62D}.Debug|Win32.Build.0 = Debug|Win32
		{110BAD92-D163-4525-9839-86AA1A07D62D}.Release Expat|Win32.ActiveCfg = Release|Win32
		{110BAD92-D163-4525-9839-86AA1A07D62D}.Release Expat|Win32.Build.0 = Release|Win32
		{110BAD92-D163-4525-9839-86AA1A07D62D}.Release No Logging|Win32.ActiveCfg = Release No Logging|Win32
		{110BAD92-D163-4525-9839-86AA1A07D62D}.Release No Logging|Win32.Build.0 = Release No Logging|Win32
		{110BAD92-D163-4525-9839-86AA1A07D62D}.Release|Win32.ActiveCfg = Release|Win32
		{110BAD92-D163-4525-9839-86AA1A07D62D}.Release|Win32.Build.0 = Release|Win32
		{9D8DCA88-F57F-4783-B102-CA109677BE20}.Debug Expat|Win32.ActiveCfg = Debug|Win32
		{9D8DCA88-F57F-4783-B102-CA109677BE20}.Debug Expat|Win32.Build.0 = Debug|Win32
		{9D8DCA88-F57F-4783-B102-CA109677BE20}.Debug No Logging|Win32.ActiveCfg = Debug No Logging|Win32
		{9D8DCA88-F57F-4783-B102-CA109677BE20}.Debug No Logging|Win32.Build.0 = Debug No Logging|Win32
		{9D8DCA88-F57F-4783-B102-CA109677BE20}.Debug|Win32.ActiveCfg = Debug|Win32
		{9D8DCA88-F57F-4783-B102-CA109677BE20}.Debug|Win32.Build.0 = Debug|Win32
		{9D8DCA88-F57F-4783-B102-CA109677BE20}.Release Expat|Win32.ActiveCfg = Release|Win32
		{9D8DCA88-F57F-4783-B102-CA109677BE20}.Release Expat|Win32.Build.0 = Release|Win32
		{9D8DCA88-F57F-4783-B102-CA109677BE20}.Release No Logging|Win32.ActiveCfg = Release No Logging|Win32
		{9D8DCA88-F57F-4783-B102-CA109677BE20}.Release No Logging|Win32.Build.0 = Release No Logging|Win32
		{9D8DCA88-F57F-4783-B102-CA109677BE20}.Release|Win32.ActiveCfg = Release|Win32
		{9D8DCA88-F57F-4783-B102-CA109677BE20}.Release|Win32.Build.0 = Release|Win32
		{E45D6DDD-B022-4B12-8244-CCAFCAFD7C36}.Debug Expat|Win32.ActiveCfg = Debug Expat|Win32
		{E45D6DDD-B022-4B12-8244-CCAFCAFD7C36}.Debug Expat|Win32.Build.0 = Debug Expat|Win32
		{E45D6DDD-B022-4B12-8244-CCAFCAFD7C36}.Debug No Logging|Win32.ActiveCfg = Debug No Logging|Win32
		{E45D6DDD-B022-4B12-8244-CCAFCAFD7C36}.Debug No Logging|Win32.Build.0 = Debug No Logging|Win32
		{E45D6DDD-B022-4B12-8244-CCAFCAFD7C36}.Debug|Win32.ActiveCfg = Debug|Win32
		{E45D6DDD-B022-4B12-8244-CCAFCAFD7C36}.Debug|Win32.Build.0 = Debug|Win32
		{E45D6DDD-B022-4B12-8244-CCAFCAFD7C36}.Release Expat|Win32.ActiveCfg = Release Expat|Win32
		{E45D6DDD-B022-4B12-8244-CCAFCAFD7C36}.Release Expat|Win32.Build.0 = Release Expat|Win32
		{E45D6DDD-B022-4B12-8244-CCAFCAFD7C36}.Release No Logging|Win32.ActiveCfg = Release No Logging|Win32
		{E45D6DDD-B022-4B12-8244-CCAFCAFD7C36}.Release No Logging|Win32.Build.0 = Release No Logging|Win32
		{E45D6DDD-B022-4B12-8244-CCAFCAFD7C36}.Release|Win32.ActiveCfg = Release|Win32
		{E45D6DDD-B022-4B12-8244-CCAFCAFD7C36}.Release|Win32.Build.0 = Release|Win32
		{6C01047F-7574-4157-BC71-D47595FFED6C}.Debug Expat|Win32.ActiveCfg = Debug|Win32
		{6C01047F-7574-4157-BC71-D47595FFED6C}.Debug Expat|Win32.Build.0 = Debug|Win32
		{6C01047F-7574-4157-BC71-D47595FFED6C}.Debug No Logging|Win32.ActiveCfg = Debug No Logging|Win32
		{6C01047F-7574-4157-BC71-D47595FFED6C}.Debug No Logging|Win32.Build.0 = Debug No Logging|Win32
		{6C01047F-7574-4157-BC71-D47595FFED6C}.Debug|Win32.ActiveCfg = Debug|Win32
		{6C01047F-7574-4157-BC71-D47595FFED6C}.Debug|Win32.Build.0 = Debug|Win32
		{6C01047F-7574-4157-BC71-D47595FFED6C}.Release Expat|Win32.ActiveCfg = Release|Win32
		{6C01047F-7574-4157-BC71-D47595FFED6C}.Release Expat|Win32.Build.0 = Release|Win32
		{6C01047F-7574-4157-BC71-D47595FFED6C}.Release No Logging|Win32.ActiveCfg = Release No Logging|Win32
		{6C01047F-7574-4157-BC71-D47595FFED6C}.Release No Logging|Win32.Build.0 = Release No Logging|Win32
		{6C01047F-7574-4157-BC71-D47595FFED6C}.Release|Win32.ActiveCfg = Release|Win32
		{6C01047F-7574-4157-BC71-D47595FFED6C}.Release|Win32.Build.0 = Release|Win32
		{4D1F7E73-DEC2-4E76-90BC-E5648DCFB037}.Debug Expat|Win32.ActiveCfg = Debug|Win32
		{4D1F7E73-DEC2-4E76-90BC-E5648DCFB037}.Debug Expat|Win32.Build.0 = Debug|Win32
		{4D1F7E73-DEC2-4E76-90BC-E5648DCFB037}.Debug No Logging|Win32.ActiveCfg = Debug No Logging|Win32
		{4D1F7E73-DEC2-4E76-90BC-E5648DCFB037}.Debug No Logging|Win32.Build.0 = Debug No Logging|Win32
		{4D1F7E73-DEC2-4E76-90BC-E5648DCFB037}.Debug|Win32.ActiveCfg = Debug|Win32
		{4D1F7E73-DEC2-4E76-90BC-E5648DCFB037}.Debug|Win32.Build.0 = Debug|Win32
		{4D1F7E73-DEC2-4E76-90BC-E5648DCFB037}.Release Expat|Win32.ActiveCfg = Release|Win32
		{4D1F7E73-DEC2-4E76-90BC-E5648DCFB037}.Release Expat|Win32.Build.0 = Release|Win32
		{4D1F7E73-DEC2-4E76-90BC-E5648DCFB037}.Release No Logging|Win32.ActiveCfg = Release No Logging|Win32
		{4D1F7E73-DEC2-4E76-90BC-E5648DCFB037}.Release No Logging|Win32.Build.0 = Release No Logging|Win32
		{4D1F7E73-DEC2-4E76-90BC-E5648DCFB037}.Release|Win32.ActiveCfg = Release|Win32
		{4D1F7E73-DEC2-4E76-90BC-E5648DCFB037}.Release|Win32.Build.0 = Release|Win32
		{3658B3A5-88EF-48E9-8470-83172314A7B5}.Debug Expat|Win32.ActiveCfg = Debug|Win32
		{3658B3A5-88EF-48E9-8470-83172314A7B5}.Debug Expat|Win32.Build.0 = Debug|Win32
		{3658B3A5-88EF-48E9-8470-83172314A7B5}.Debug No Logging|Win32.ActiveCfg = Debug No Logging|Win32
		{3658B3A5-88EF-48E9-8470-83172314A7B5}.Debug No Logging|Win32.Build.0 = Debug No Logging|Win32
		{3658B3A5-88EF-48E9-8470-83172314A7B5}.Debug|Win32.ActiveCfg = Debug|Win32
		{3658B3A5-88EF-48E9-8470-83172314A7B5}.Debug|Win32.Build.0 = Debug|Win32
		{3658B3A5-88EF-48E9-8470-83172314A7B5}.Release Expat|Win32.ActiveCfg = Release|Win32
		{3658B3A5-88EF-48E9-8470-83172314A7B5}.Release Expat|Win32.Build.0 = Release|Win32
		{3658B3A5-88EF-48E9-8470-83172314A7B5}.Release No Logging|Win32.ActiveCfg = Release No Logging|Win32
		{3658B3A5-88EF-48E9-8470-83172314A7B5}.Release No Logging|Win32.Build.0 = Release No Logging|Win32
		{3658B3A5-88EF-48E9-8470-83172314A7B5}.Release|Win32.ActiveCfg = Release|Win32
		{3658B3A5-88EF-48E9-8470-83172314A7B5}.Release|Win32.Build.0 = Release|Win32
		{F3A4A8C1-CDFF-4DBF-98BE-C738954E68CD}.Debug Expat|Win32.ActiveCfg = Debug|Win32
		{F3A4A8C1-CDFF-4DBF-98BE-C738954E68CD}.Debug Expat|Win32.Build.0 = Debug|Win32
		{F3A4A8C1-CDFF-4DBF-98BE-C738954E68CD}.Debug No Logging|Win32.ActiveCfg = Debug No Logging|Win32
		{F3A4A8C1-CDFF-4DBF-98BE-C738954E68CD}.Debug No Logging|Win32.Build.0 = Debug No Logging|Win32
		{F3A4A8C1-CDFF-4DBF-98BE-C738954E68CD}.Debug|Win32.ActiveCfg = Debug|Win32
		{F3A4A8C1-CDFF-4DBF-98BE-C738954E68CD}.Debug|Win32.Build.0 = Debug|Win32
		{F3A4A8C1-CDFF-4DBF-98BE-C738954E68CD}.Release Expat|Win32.ActiveCfg = Release|Win32
		{F3A4A8C1-CDFF-4DBF-98BE-C738954E68CD}.Release Expat|Win32.Build.0 = Release|Win32
		{F3A4A8C1-CDFF-4DBF-98BE-C738954E68CD}.Release No Logging|Win32.ActiveCfg = Release No Logging|Win32
		{F3A4A8C1-CDFF-4DBF-98BE-C738954E68CD}.Release No Logging|Win32.Build.0 = Release No Logging|Win32
		{F3A4A8C1-CDFF-4DBF-98BE-C738954E68CD}.Release|Win32.ActiveCfg = Release|Win32
		{F3A4A8C1-CDFF-4DBF-98BE-C738954E68CD}.Release|Win32.Build.0 = Release|Win32
		{EC758CAE-3FF0-4D0B-8FB5-8FB1E0642B5F}.Debug Expat|Win32.ActiveCfg = Debug|Win32
		{EC758CAE-3FF0-4D0B-8FB5-8FB1E0642B5F}.Debug Expat|Win32.Build.0 = Debug|Win32
		{EC758CAE-3FF0-4D0B-8FB5-8FB1E0642B5F}.Debug No Logging|Win32.ActiveCfg = Debug No Logging|Win32
		{EC758CAE-3FF0-4D0B-8FB5-8FB1E0642B5F}.Debug No Logging|Win32.Build.0 = Debug No Logging|Win32
		{EC758CAE-3FF0-4D0B-8FB5-8FB1E0642B5F}.Debug|Win32.ActiveCfg = Debug|Win32
		{EC758CAE-3FF0-4D0B-8FB5-8FB1E0642B5F}.Debug|Win32.Build.0 = Debug|Win32
		{EC758CAE-3FF0-4D0B-8FB5-8FB1E0642B5F}.Release Expat|Win32.ActiveCfg = Release|Win32
		{EC758CAE-3FF0-4D0B-8FB5-8FB1E0642B5F}.Release Expat|Win32.Build.0 = Release|Win32
		{EC758CAE-3FF0-4D0B-8FB5-8FB1E0642B5F}.Release No Logging|Win32.ActiveCfg = Release No Logging|Win32
		{EC758CAE-3FF0-4D0B-8FB5-8FB1E0642B5F}.Release No Logging|Win32.Build.0 = Release No Logging|Win32
		{EC758CAE-3FF0-4D0B-8FB5-8FB1E0642B5F}.Release|Win32.ActiveCfg = Release|Win32
		{EC758CAE-3FF0-4D0B-8FB5-8FB1E0642B5F}.Release|Win32.Build.0 = Release|Win32
		{A6618796-A133-470D-BCEE-BC9B1D3E8CBE}.Debug Expat|Win32.ActiveCfg = Debug|Win32
		{A6618796-A133-470D-BCEE-BC9B1D3E8CBE}.Debug Expat|Win32.Build.0 = Debug|Win32
		{A6618796-A133-470D-BCEE-BC9B1D3E8CBE}.Debug No Logging|Win32.ActiveCfg = Debug No Logging|Win32
		{A6618796-A133-470D-BCEE-BC9B1D3E8CBE}.Debug No Logging|Win32.Build.0 = Debug No Logging|Win32
		{A6618796-A133-470D-BCEE-BC9B1D3E8CBE}.Debug|Win32.ActiveCfg = Debug|Win32
		{A6618796-A133-470D-BCEE-BC9B1D3E8CBE}.Debug|Win32.Build.0 = Debug|Win32
		{A6618796-A133-470D-BCEE-BC9B1D3E8CBE}.Release Expat|Win32.ActiveCfg = Release|Win32
		{A6618796-A133-470D-BCEE-BC9B1D3E8CBE}.Release Expat|Win32.Build.0 = Release|Win32
		{A6618796-A133-470D-BCEE-BC9B1D3E8CBE}.Release No Logging|Win32.ActiveCfg = Release No Logging|Win32
		{A6618796-A133-470D-BCEE-BC9B1D3E8CBE}.Release No Logging|Win32.Build.0 = Release No Logging|Win32
		{A6618796-A133-470D-BCEE-BC9B1D3E8CBE}.Release|Win32.ActiveCfg = Release|Win32
		{A6618796-A133-470D-BCEE-BC9B1D3E8CBE}.Release|Win32.Build.0 = Release|Win32
		{600287A9-5BB8-42D2-AF24-CA333BFF3B16}.Debug Expat|Win32.ActiveCfg = Debug|Win32
		{600287A9-5BB8-42D2-AF24-CA333BFF3B16}.Debug Expat|Win32.Build.0 = Debug|Win32
		{600287A9-5BB8-42D2-AF24-CA333BFF3B16}.Debug No Logging|Win32.ActiveCfg = Debug No Logging|Win32
		{600287A9-5BB8-42D2-AF24-CA333BFF3B16}.Debug No Logging|Win32.Build.0 = Debug No Logging|Win32
		{600287A9-5BB8-42D2-AF24-CA333BFF3B16}.Debug|Win32.ActiveCfg = Debug|Win32
		{600287A9-5BB8-42D2-AF24-CA333BFF3B16}.Debug|Win32.Build.0 = Debug|Win32
		{600287A9-5BB8-42D2-AF24-CA333BFF3B16}.Release Expat|Win32.ActiveCfg = Release|Win32
		{600287A9-5BB8-42D2-AF24-CA333BFF3B16}.Release Expat|Win32.Build.0 = Release|Win32
		{600287A9-5BB8-42D2-AF24-CA333BFF3B16}.Release No Logging|Win32.ActiveCfg = Release No Logging|Win32
		{600287A9-5BB8-42D2-AF24-CA333BFF3B16}.Release No Logging|Win32.Build.0 = Release No Logging|Win32
		{600287A9-5BB8-42D2-AF24-CA333BFF3B16}.Release|Win32.ActiveCfg = Release|Win32
		{600287A9-5BB8-42D2-AF24-CA333BFF3B16}.Release|Win32.Build.0 = Release|Win32
		{48637E50-DA46-4C2A-ADEE-9DB02BA8366F}.Debug Expat|Win32.ActiveCfg = Debug|Win32
		{48637E50-DA46-4C2A-ADEE-9DB02BA8366F}.Debug Expat|Win32.Build.0 = Debug|Win32
		{48637E50-DA46-4C2A-ADEE-9DB02BA8366F}.Debug No Logging|Win32.ActiveCfg = Debug No Logging|Win32
		{48637E50-DA46-4C2A-ADEE-9DB02BA8366F}.Debug No Logging|Win32.Build.0 = Debug No Logging|Win32
		{48637E50-DA46-4C2A-ADEE-9DB02BA8366F}.Debug|Win32.ActiveCfg = Debug|Win32
		{48637E50-DA46-4C2A-ADEE-9DB02BA8366F}.Debug|Win32.Build.0 = Debug|Win32
		{48637E50-DA46-4C2A-ADEE-9DB02BA8366F}.Release Expat|Win32.ActiveCfg = Release|Win32
		{48637E50-DA46-4C2A-ADEE-9DB02BA8366F}.Release Expat|Win32.Build.0 = Release|Win32
		{48637E50-DA46-4C2A-ADEE-9DB02BA8366F}.Release No Logging|Win32.ActiveCfg = Release No Logging|Win32
		{48637E50-DA46-4C2A-ADEE-9DB02BA8366F}.Release No Logging|Win32.Build.0 = Release No Logging|Win32
		{48637E50-DA46-4C2A-ADEE-9DB02BA8366F}.Release|Win32.ActiveCfg = Release|Win32
		{48637E50-DA46-4C2A-ADEE-9DB02BA8366F}.Release|Win32.Build.0 = Release|Win32
		{28116D68-98D8-469B-B932-DB360A775A14}.Debug Expat|Win32.ActiveCfg = Debug|Win32
		{28116D68-98D8-469B-B932-DB360A775A14}.Debug Expat|Win32.Build.0 = Debug|Win32
		{28116D68-98D8-469B-B932-DB360A775A14}.Debug No Logging|Win32.ActiveCfg = Debug|Win32
		{28116D68-98D8-469B-B932-DB360A775A14}.Debug|Win32.ActiveCfg = Debug|Win32
		{28116D68-98D8-469B-B932-DB360A775A14}.Debug|Win32.Build.0 = Debug|Win32
		{28116D68-98D8-469B-B932-DB360A775A14}.Release Expat|Win32.ActiveCfg = Debug|Win32
		{28116D68-98D8-469B-B932-DB360A775A14}.Release No Logging|Win32.ActiveCfg = Debug|Win32
		{28116D68-98D8-469B-B932-DB360A775A14}.Release|Win32.ActiveCfg = Debug|Win32
		{98D9613E-ADEE-40FC-B258-60A053009566}.Debug Expat|Win32.ActiveCfg = Debug|Win32
		{98D9613E-ADEE-40FC-B258-60A053009566}.Debug Expat|Win32.Build.0 = Debug|Win32
		{98D9613E-ADEE-40FC-B258-60A053009566}.Debug No Logging|Win32.ActiveCfg = Debug|Win32
		{98D9613E-ADEE-40FC-B258-60A053009566}.Debug|Win32.ActiveCfg = Debug|Win32
		{98D9613E-ADEE-40FC-B258-60A053009566}.Debug|Win32.Build.0 = Debug|Win32
		{98D9613E-ADEE-40FC-B258-60A053009566}.Release Expat|Win32.ActiveCfg = Debug|Win32
		{98D9613E-ADEE-40FC-B258-60A053009566}.Release No Logging|Win32.ActiveCfg = Debug|Win32
		{98D9613E-ADEE-40FC-B258-60A053009566}.Release|Win32.ActiveCfg = Debug|Win32
		{93084587-9E3E-4438-B764-79F2B9741520}.Debug Expat|Win32.ActiveCfg = Debug|Win32
		{93084587-9E3E-4438-B764-79F2B9741520}.Debug Expat|Win32.Build.0 = Debug|Win32
		{93084587-9E3E-4438-B764-79F2B9741520}.Debug No Logging|Win32.ActiveCfg = Debug No Logging|Win32
		{93084587-9E3E-4438-B764-79F2B9741520}.Debug No Logging|Win32.Build.0 = Debug No Logging|Win32
		{93084587-9E3E-4438-B764-79F2B9741520}.Debug|Win32.ActiveCfg = Debug|Win32
		{93084587-9E3E-4438-B764-79F2B9741520}.Debug|Win32.Build.0 = Debug|Win32
		{93084587-9E3E-4438-B764-79F2B9741520}.Release Expat|Win32.ActiveCfg = Release|Win32
		{93084587-9E3E-4438-B764-79F2B9741520}.Release Expat|Win32.Build.0 = Release|Win32
		{93084587-9E3E-4438-B764-79F2B9741520}.Release No Logging|Win32.ActiveCfg = Release No Logging|Win32
		{93084587-9E3E-4438-B764-79F2B9741520}.Release No Logging|Win32.Build.0 = Release No Logging|Win32
		{93084587-9E3E-4438-B764-79F2B9741520}.Release|Win32.ActiveCfg = Release|Win32
		{93084587-9E3E-4438-B764-79F2B9741520}.Release|Win32.Build.0 = Release|Win32
		{06A3A134-FAAC-4487-B723-86CFCEE7FB3D}.Debug Expat|Win32.ActiveCfg = Debug|Win32
		{06A3A134-FAAC-4487-B723-86CFCEE7FB3D}.Debug Expat|Win32.Build.0 = Debug|Win32
		{06A3A134-FAAC-4487-B723-86CFCEE7FB3D}.Debug No Logging|Win32.ActiveCfg = Debug No Logging|Win32
		{06A3A134-FAAC-4487-B723-86CFCEE7FB3D}.Debug No Logging|Win32.Build.0 = Debug No Logging|Win32
		{06A3A134-FAAC-4487-B723-86CFCEE7FB3D}.Debug|Win32.ActiveCfg = Debug|Win32
		{06A3A134-FAAC-4487-B723-86CFCEE7FB3D}.Debug|Win32.Build.0 = Debug|Win32
		{06A3A134-FAAC-4487-B723-86CFCEE7FB3D}.Release Expat|Win32.ActiveCfg = Release|Win32
		{06A3A134-FAAC-4487-B723-86CFCEE7FB3D}.Release Expat|Win32.Build.0 = Release|Win32
		{06A3A134-FAAC-4487-B723-86CFCEE7FB3D}.Release No Logging|Win32.ActiveCfg = Release No Logging|Win32
		{06A3A134-FAAC-4487-B723-86CFCEE7FB3D}.Release No Logging|Win32.Build.0 = Release No Logging|Win32
		{06A3A134-FAAC-4487-B723-86CFCEE7FB3D}.Release|Win32.ActiveCfg = Release|Win32
		{06A3A134-FAAC-4487-B723-86CFCEE7FB3D}.Release|Win32.Build.0 = Release|Win32
	EndGlobalSection
	GlobalSection(SolutionProperties) = preSolution
		HideSolutionNode = FALSE
	EndGlobalSection
	GlobalSection(NestedProjects) = preSolution
		{CE683DB3-27B3-4D8F-9C05-9C0E4F1BE574} = {26EB5097-0AE5-43B1-844F-85A27D3E7922}
		{71BDF265-DB78-4C90-A8D2-A563B82205C3} = {26EB5097-0AE5-43B1-844F-85A27D3E7922}
		{E9595B17-5C2C-4FF5-A2D6-B269B4250686} = {26EB5097-0AE5-43B1-844F-85A27D3E7922}
		{2FBEF721-9062-4D85-BBCA-596274BB4B7D} = {26EB5097-0AE5-43B1-844F-85A27D3E7922}
		{0E53C9C1-A51B-4C06-91B8-68E76C72D94D} = {26EB5097-0AE5-43B1-844F-85A27D3E7922}
		{F553DA12-7520-4CE2-9F9B-300C7AB0E059} = {26EB5097-0AE5-43B1-844F-85A27D3E7922}
		{96331292-6075-4864-ACF5-9076B434B0A1} = {26EB5097-0AE5-43B1-844F-85A27D3E7922}
		{9BB7AAAA-B4A4-40C3-87A4-1613313387A4} = {26EB5097-0AE5-43B1-844F-85A27D3E7922}
		{FBC1DE4C-B4F5-4F6F-86A7-6B582532E3D7} = {26EB5097-0AE5-43B1-844F-85A27D3E7922}
		{1697E6E9-0D8F-40E4-8B68-4B67880EA03E} = {26EB5097-0AE5-43B1-844F-85A27D3E7922}
		{D699C28D-7EFE-43A7-8C05-7E91037D6963} = {26EB5097-0AE5-43B1-844F-85A27D3E7922}
		{7D594E3C-ECC2-4262-8C73-D87EA81ECEAD} = {26EB5097-0AE5-43B1-844F-85A27D3E7922}
		{F89DCD42-BE04-46DF-A576-C2C6519658C9} = {26EB5097-0AE5-43B1-844F-85A27D3E7922}
		{625D7B76-017F-4D73-A337-CFDCE0A5F1D8} = {26EB5097-0AE5-43B1-844F-85A27D3E7922}
		{110BAD92-D163-4525-9839-86AA1A07D62D} = {26EB5097-0AE5-43B1-844F-85A27D3E7922}
		{9D8DCA88-F57F-4783-B102-CA109677BE20} = {26EB5097-0AE5-43B1-844F-85A27D3E7922}
		{E45D6DDD-B022-4B12-8244-CCAFCAFD7C36} = {26EB5097-0AE5-43B1-844F-85A27D3E7922}
		{6C01047F-7574-4157-BC71-D47595FFED6C} = {26EB5097-0AE5-43B1-844F-85A27D3E7922}
		{4F923E4E-9EBE-4D05-B295-117E0684D7A6} = {26EB5097-0AE5-43B1-844F-85A27D3E7922}
		{06A3A134-FAAC-4487-B723-86CFCEE7FB3D} = {26EB5097-0AE5-43B1-844F-85A27D3E7922}
		{D4D20E14-5E6E-43B7-A714-92C04A7254B2} = {8DD21DCA-B3C6-4FAF-B0F7-E9D1DFCF69BB}
		{17A0C8A2-CE57-4AB1-9BB3-11211E8AA010} = {8DD21DCA-B3C6-4FAF-B0F7-E9D1DFCF69BB}
		{28116D68-98D8-469B-B932-DB360A775A14} = {8DD21DCA-B3C6-4FAF-B0F7-E9D1DFCF69BB}
		{98D9613E-ADEE-40FC-B258-60A053009566} = {8DD21DCA-B3C6-4FAF-B0F7-E9D1DFCF69BB}
		{58269890-DE44-4FD5-8DFC-D106B1E031B9} = {48F51880-8125-48C5-9903-2F23AFF21866}
		{E2EDC58F-A703-4F3D-A59D-53ACA53AF5AF} = {48F51880-8125-48C5-9903-2F23AFF21866}
		{E4B7FDFA-F393-4629-8744-A916146E274F} = {58269890-DE44-4FD5-8DFC-D106B1E031B9}
		{B0053577-BB9A-4263-B132-59CE6DC72A8A} = {58269890-DE44-4FD5-8DFC-D106B1E031B9}
		{F3A4A8C1-CDFF-4DBF-98BE-C738954E68CD} = {58269890-DE44-4FD5-8DFC-D106B1E031B9}
		{600287A9-5BB8-42D2-AF24-CA333BFF3B16} = {58269890-DE44-4FD5-8DFC-D106B1E031B9}
		{48637E50-DA46-4C2A-ADEE-9DB02BA8366F} = {58269890-DE44-4FD5-8DFC-D106B1E031B9}
		{93084587-9E3E-4438-B764-79F2B9741520} = {58269890-DE44-4FD5-8DFC-D106B1E031B9}
		{4D1F7E73-DEC2-4E76-90BC-E5648DCFB037} = {E2EDC58F-A703-4F3D-A59D-53ACA53AF5AF}
		{3658B3A5-88EF-48E9-8470-83172314A7B5} = {E2EDC58F-A703-4F3D-A59D-53ACA53AF5AF}
		{EC758CAE-3FF0-4D0B-8FB5-8FB1E0642B5F} = {E2EDC58F-A703-4F3D-A59D-53ACA53AF5AF}
		{A6618796-A133-470D-BCEE-BC9B1D3E8CBE} = {E2EDC58F-A703-4F3D-A59D-53ACA53AF5AF}
	EndGlobalSection
EndGlobal
